<Solution>
  <Project Path="../BubbleSort/BubbleSort.csproj" Id="ae906407-8ae0-4136-b97f-91cebe00de46" />
  <Project Path="../InsertionSort/InsertionSort.csproj" Id="55a7dc6b-0a70-4e5d-8db2-d45e73edc39e" />
  <Project Path="../SelectionSort/SelectionSort.csproj" Id="dc640241-e1dd-4836-9fb8-58da4e036e38" />
  <Project Path="../ThreeSum/ThreeSum.csproj" />
  <Project Path="DataStructuresAndAlgorithms.csproj" />
</Solution>
